
Microsoft Visual Studio Solution File, Format Version 12.00
# Visual Studio 14
VisualStudioVersion = 14.0.25420.1
MinimumVisualStudioVersion = 10.0.40219.1
Project("{FAE04EC0-301F-11D3-BF4B-00C04F79EFBC}") = "Remove Negatives and Reverse", "Remove Negatives and Reverse\Remove Negatives and Reverse.csproj", "{262638D3-6318-4CBB-9699-6AA66768C1AB}"
EndProject
Project("{FAE04EC0-301F-11D3-BF4B-00C04F79EFBC}") = "Append Lists", "Append Lists\Append Lists.csproj", "{503E9C96-123A-41C9-85C4-B7F00CB14E1D}"
EndProject
Project("{FAE04EC0-301F-11D3-BF4B-00C04F79EFBC}") = "Sum Adjacent Equal Numbers", "Sum Adjacent Equal Numbers\Sum Adjacent Equal Numbers.csproj", "{86F565F6-5797-44A7-9123-A0EE1790E106}"
EndProject
Project("{FAE04EC0-301F-11D3-BF4B-00C04F79EFBC}") = "Split by Word Casing", "Split by Word Casing\Split by Word Casing.csproj", "{7E23ABDC-E213-46EF-BFCD-2BE531E0F5D1}"
EndProject
Project("{FAE04EC0-301F-11D3-BF4B-00C04F79EFBC}") = "Sort Numbers", "Sort Numbers\Sort Numbers.csproj", "{AF63F2EA-2F6D-4571-A8EB-24A604E98F07}"
EndProject
Project("{FAE04EC0-301F-11D3-BF4B-00C04F79EFBC}") = "Square Numbers", "Square Numbers\Square Numbers.csproj", "{88E06552-A8C3-4B03-82D4-1CB9CE1E1934}"
EndProject
Project("{FAE04EC0-301F-11D3-BF4B-00C04F79EFBC}") = "Count Numbers", "Count Numbers\Count Numbers.csproj", "{7DE7929B-90F3-4B3E-A0A3-72C4109F1F1E}"
EndProject
Project("{FAE04EC0-301F-11D3-BF4B-00C04F79EFBC}") = "Remove Elements at Odd Positions", "Remove Elements at Odd Positions\Remove Elements at Odd Positions.csproj", "{64F59FDE-FC46-44BB-AB04-668EB7185C6C}"
EndProject
Project("{FAE04EC0-301F-11D3-BF4B-00C04F79EFBC}") = "Track Downloader", "Track Downloader\Track Downloader.csproj", "{78181DAD-09C0-4C0C-A5AD-9A2BCAED5469}"
EndProject
Project("{FAE04EC0-301F-11D3-BF4B-00C04F79EFBC}") = "Equal Sum After Extraction", "Equal Sum After Extraction\Equal Sum After Extraction.csproj", "{AD145338-654D-4718-BCA8-0A4926B47B1F}"
EndProject
Project("{FAE04EC0-301F-11D3-BF4B-00C04F79EFBC}") = "Flip List Sides", "Flip List Sides\Flip List Sides.csproj", "{B76011D2-5C2B-419C-85A2-67194D45C531}"
EndProject
Project("{FAE04EC0-301F-11D3-BF4B-00C04F79EFBC}") = "Tear List in Half", "Tear List in Half\Tear List in Half.csproj", "{781A46C1-5E61-4427-9009-14C844352BC1}"
EndProject
Project("{FAE04EC0-301F-11D3-BF4B-00C04F79EFBC}") = "Stuck Zipper", "Stuck Zipper\Stuck Zipper.csproj", "{BE3BD80C-8637-410C-9CBD-ED8CE84D0C08}"
EndProject
Project("{FAE04EC0-301F-11D3-BF4B-00C04F79EFBC}") = "Distinct List", "Distinct List\Distinct List.csproj", "{37B9917F-728C-48D1-99E6-283743DB1704}"
EndProject
Project("{FAE04EC0-301F-11D3-BF4B-00C04F79EFBC}") = "Integer Insertion", "Integer Insertion\Integer Insertion.csproj", "{7ABB6201-480A-433A-9D84-D5E72A83EBD5}"
EndProject
Global
	GlobalSection(SolutionConfigurationPlatforms) = preSolution
		Debug|Any CPU = Debug|Any CPU
		Release|Any CPU = Release|Any CPU
	EndGlobalSection
	GlobalSection(ProjectConfigurationPlatforms) = postSolution
		{262638D3-6318-4CBB-9699-6AA66768C1AB}.Debug|Any CPU.ActiveCfg = Debug|Any CPU
		{262638D3-6318-4CBB-9699-6AA66768C1AB}.Debug|Any CPU.Build.0 = Debug|Any CPU
		{262638D3-6318-4CBB-9699-6AA66768C1AB}.Release|Any CPU.ActiveCfg = Release|Any CPU
		{262638D3-6318-4CBB-9699-6AA66768C1AB}.Release|Any CPU.Build.0 = Release|Any CPU
		{503E9C96-123A-41C9-85C4-B7F00CB14E1D}.Debug|Any CPU.ActiveCfg = Debug|Any CPU
		{503E9C96-123A-41C9-85C4-B7F00CB14E1D}.Debug|Any CPU.Build.0 = Debug|Any CPU
		{503E9C96-123A-41C9-85C4-B7F00CB14E1D}.Release|Any CPU.ActiveCfg = Release|Any CPU
		{503E9C96-123A-41C9-85C4-B7F00CB14E1D}.Release|Any CPU.Build.0 = Release|Any CPU
		{86F565F6-5797-44A7-9123-A0EE1790E106}.Debug|Any CPU.ActiveCfg = Debug|Any CPU
		{86F565F6-5797-44A7-9123-A0EE1790E106}.Debug|Any CPU.Build.0 = Debug|Any CPU
		{86F565F6-5797-44A7-9123-A0EE1790E106}.Release|Any CPU.ActiveCfg = Release|Any CPU
		{86F565F6-5797-44A7-9123-A0EE1790E106}.Release|Any CPU.Build.0 = Release|Any CPU
		{7E23ABDC-E213-46EF-BFCD-2BE531E0F5D1}.Debug|Any CPU.ActiveCfg = Debug|Any CPU
		{7E23ABDC-E213-46EF-BFCD-2BE531E0F5D1}.Debug|Any CPU.Build.0 = Debug|Any CPU
		{7E23ABDC-E213-46EF-BFCD-2BE531E0F5D1}.Release|Any CPU.ActiveCfg = Release|Any CPU
		{7E23ABDC-E213-46EF-BFCD-2BE531E0F5D1}.Release|Any CPU.Build.0 = Release|Any CPU
		{AF63F2EA-2F6D-4571-A8EB-24A604E98F07}.Debug|Any CPU.ActiveCfg = Debug|Any CPU
		{AF63F2EA-2F6D-4571-A8EB-24A604E98F07}.Debug|Any CPU.Build.0 = Debug|Any CPU
		{AF63F2EA-2F6D-4571-A8EB-24A604E98F07}.Release|Any CPU.ActiveCfg = Release|Any CPU
		{AF63F2EA-2F6D-4571-A8EB-24A604E98F07}.Release|Any CPU.Build.0 = Release|Any CPU
		{88E06552-A8C3-4B03-82D4-1CB9CE1E1934}.Debug|Any CPU.ActiveCfg = Debug|Any CPU
		{88E06552-A8C3-4B03-82D4-1CB9CE1E1934}.Debug|Any CPU.Build.0 = Debug|Any CPU
		{88E06552-A8C3-4B03-82D4-1CB9CE1E1934}.Release|Any CPU.ActiveCfg = Release|Any CPU
		{88E06552-A8C3-4B03-82D4-1CB9CE1E1934}.Release|Any CPU.Build.0 = Release|Any CPU
		{7DE7929B-90F3-4B3E-A0A3-72C4109F1F1E}.Debug|Any CPU.ActiveCfg = Debug|Any CPU
		{7DE7929B-90F3-4B3E-A0A3-72C4109F1F1E}.Debug|Any CPU.Build.0 = Debug|Any CPU
		{7DE7929B-90F3-4B3E-A0A3-72C4109F1F1E}.Release|Any CPU.ActiveCfg = Release|Any CPU
		{7DE7929B-90F3-4B3E-A0A3-72C4109F1F1E}.Release|Any CPU.Build.0 = Release|Any CPU
		{64F59FDE-FC46-44BB-AB04-668EB7185C6C}.Debug|Any CPU.ActiveCfg = Debug|Any CPU
		{64F59FDE-FC46-44BB-AB04-668EB7185C6C}.Debug|Any CPU.Build.0 = Debug|Any CPU
		{64F59FDE-FC46-44BB-AB04-668EB7185C6C}.Release|Any CPU.ActiveCfg = Release|Any CPU
		{64F59FDE-FC46-44BB-AB04-668EB7185C6C}.Release|Any CPU.Build.0 = Release|Any CPU
		{78181DAD-09C0-4C0C-A5AD-9A2BCAED5469}.Debug|Any CPU.ActiveCfg = Debug|Any CPU
		{78181DAD-09C0-4C0C-A5AD-9A2BCAED5469}.Debug|Any CPU.Build.0 = Debug|Any CPU
		{78181DAD-09C0-4C0C-A5AD-9A2BCAED5469}.Release|Any CPU.ActiveCfg = Release|Any CPU
		{78181DAD-09C0-4C0C-A5AD-9A2BCAED5469}.Release|Any CPU.Build.0 = Release|Any CPU
		{AD145338-654D-4718-BCA8-0A4926B47B1F}.Debug|Any CPU.ActiveCfg = Debug|Any CPU
		{AD145338-654D-4718-BCA8-0A4926B47B1F}.Debug|Any CPU.Build.0 = Debug|Any CPU
		{AD145338-654D-4718-BCA8-0A4926B47B1F}.Release|Any CPU.ActiveCfg = Release|Any CPU
		{AD145338-654D-4718-BCA8-0A4926B47B1F}.Release|Any CPU.Build.0 = Release|Any CPU
		{B76011D2-5C2B-419C-85A2-67194D45C531}.Debug|Any CPU.ActiveCfg = Debug|Any CPU
		{B76011D2-5C2B-419C-85A2-67194D45C531}.Debug|Any CPU.Build.0 = Debug|Any CPU
		{B76011D2-5C2B-419C-85A2-67194D45C531}.Release|Any CPU.ActiveCfg = Release|Any CPU
		{B76011D2-5C2B-419C-85A2-67194D45C531}.Release|Any CPU.Build.0 = Release|Any CPU
		{781A46C1-5E61-4427-9009-14C844352BC1}.Debug|Any CPU.ActiveCfg = Debug|Any CPU
		{781A46C1-5E61-4427-9009-14C844352BC1}.Debug|Any CPU.Build.0 = Debug|Any CPU
		{781A46C1-5E61-4427-9009-14C844352BC1}.Release|Any CPU.ActiveCfg = Release|Any CPU
		{781A46C1-5E61-4427-9009-14C844352BC1}.Release|Any CPU.Build.0 = Release|Any CPU
		{BE3BD80C-8637-410C-9CBD-ED8CE84D0C08}.Debug|Any CPU.ActiveCfg = Debug|Any CPU
		{BE3BD80C-8637-410C-9CBD-ED8CE84D0C08}.Debug|Any CPU.Build.0 = Debug|Any CPU
		{BE3BD80C-8637-410C-9CBD-ED8CE84D0C08}.Release|Any CPU.ActiveCfg = Release|Any CPU
		{BE3BD80C-8637-410C-9CBD-ED8CE84D0C08}.Release|Any CPU.Build.0 = Release|Any CPU
		{37B9917F-728C-48D1-99E6-283743DB1704}.Debug|Any CPU.ActiveCfg = Debug|Any CPU
		{37B9917F-728C-48D1-99E6-283743DB1704}.Debug|Any CPU.Build.0 = Debug|Any CPU
		{37B9917F-728C-48D1-99E6-283743DB1704}.Release|Any CPU.ActiveCfg = Release|Any CPU
		{37B9917F-728C-48D1-99E6-283743DB1704}.Release|Any CPU.Build.0 = Release|Any CPU
		{7ABB6201-480A-433A-9D84-D5E72A83EBD5}.Debug|Any CPU.ActiveCfg = Debug|Any CPU
		{7ABB6201-480A-433A-9D84-D5E72A83EBD5}.Debug|Any CPU.Build.0 = Debug|Any CPU
		{7ABB6201-480A-433A-9D84-D5E72A83EBD5}.Release|Any CPU.ActiveCfg = Release|Any CPU
		{7ABB6201-480A-433A-9D84-D5E72A83EBD5}.Release|Any CPU.Build.0 = Release|Any CPU
	EndGlobalSection
	GlobalSection(SolutionProperties) = preSolution
		HideSolutionNode = FALSE
	EndGlobalSection
EndGlobal
